
Microsoft Visual Studio Solution File, Format Version 12.00
# Visual Studio Version 16
VisualStudioVersion = 16.0.29609.76
MinimumVisualStudioVersion = 10.0.40219.1
Project("{9A19103F-16F7-4668-BE54-9A1E7A4F7556}") = "DataTablePrettyPrinter", "DataTablePrettyPrinter\DataTablePrettyPrinter.csproj", "{7D7535B5-D0D1-4B97-AB65-2B504CF10F8C}"
EndProject
Project("{9A19103F-16F7-4668-BE54-9A1E7A4F7556}") = "DataTablePrettyPrinter.Tests", "DataTablePrettyPrinter.Tests\DataTablePrettyPrinter.Tests.csproj", "{AEE312CB-1893-4976-BB61-E72A90C708E2}"
EndProject
Global
	GlobalSection(SolutionConfigurationPlatforms) = preSolution
		Debug|Any CPU = Debug|Any CPU
		Release|Any CPU = Release|Any CPU
	EndGlobalSection
	GlobalSection(ProjectConfigurationPlatforms) = postSolution
		{7D7535B5-D0D1-4B97-AB65-2B504CF10F8C}.Debug|Any CPU.ActiveCfg = Debug|Any CPU
		{7D7535B5-D0D1-4B97-AB65-2B504CF10F8C}.Debug|Any CPU.Build.0 = Debug|Any CPU
		{7D7535B5-D0D1-4B97-AB65-2B504CF10F8C}.Release|Any CPU.ActiveCfg = Release|Any CPU
		{7D7535B5-D0D1-4B97-AB65-2B504CF10F8C}.Release|Any CPU.Build.0 = Release|Any CPU
		{AEE312CB-1893-4976-BB61-E72A90C708E2}.Debug|Any CPU.ActiveCfg = Debug|Any CPU
		{AEE312CB-1893-4976-BB61-E72A90C708E2}.Debug|Any CPU.Build.0 = Debug|Any CPU
		{AEE312CB-1893-4976-BB61-E72A90C708E2}.Release|Any CPU.ActiveCfg = Release|Any CPU
		{AEE312CB-1893-4976-BB61-E72A90C708E2}.Release|Any CPU.Build.0 = Release|Any CPU
	EndGlobalSection
	GlobalSection(SolutionProperties) = preSolution
		HideSolutionNode = FALSE
	EndGlobalSection
	GlobalSection(ExtensibilityGlobals) = postSolution
		SolutionGuid = {EA62B77B-AFF3-47C0-A615-32E99A9A53AC}
	EndGlobalSection
EndGlobal
